
Microsoft Visual Studio Solution File, Format Version 12.00
# Visual Studio Version 16
VisualStudioVersion = 16.6.30114.105
MinimumVisualStudioVersion = 10.0.40219.1
Project("{FAE04EC0-301F-11D3-BF4B-00C04F79EFBC}") = "API", "API\API.csproj", "{BDE25628-F7BD-4459-A8CA-66D440D6F0C7}"
EndProject
Project("{FAE04EC0-301F-11D3-BF4B-00C04F79EFBC}") = "Application", "Application\Application.csproj", "{E60CA10B-B5BB-4C06-94E3-F2FC4E6F06D3}"
EndProject
Project("{FAE04EC0-301F-11D3-BF4B-00C04F79EFBC}") = "Persistance", "Persistance\Persistance.csproj", "{83A12244-817F-4083-A94F-3FCB1D08315F}"
EndProject
Project("{FAE04EC0-301F-11D3-BF4B-00C04F79EFBC}") = "Domain", "Domain\Domain.csproj", "{2D5AF357-E498-49C0-884D-E30B1F592584}"
EndProject
Global
	GlobalSection(SolutionConfigurationPlatforms) = preSolution
		Debug|Any CPU = Debug|Any CPU
		Debug|x64 = Debug|x64
		Debug|x86 = Debug|x86
		Release|Any CPU = Release|Any CPU
		Release|x64 = Release|x64
		Release|x86 = Release|x86
	EndGlobalSection
	GlobalSection(SolutionProperties) = preSolution
		HideSolutionNode = FALSE
	EndGlobalSection
	GlobalSection(ProjectConfigurationPlatforms) = postSolution
		{BDE25628-F7BD-4459-A8CA-66D440D6F0C7}.Debug|Any CPU.ActiveCfg = Debug|Any CPU
		{BDE25628-F7BD-4459-A8CA-66D440D6F0C7}.Debug|Any CPU.Build.0 = Debug|Any CPU
		{BDE25628-F7BD-4459-A8CA-66D440D6F0C7}.Debug|x64.ActiveCfg = Debug|Any CPU
		{BDE25628-F7BD-4459-A8CA-66D440D6F0C7}.Debug|x64.Build.0 = Debug|Any CPU
		{BDE25628-F7BD-4459-A8CA-66D440D6F0C7}.Debug|x86.ActiveCfg = Debug|Any CPU
		{BDE25628-F7BD-4459-A8CA-66D440D6F0C7}.Debug|x86.Build.0 = Debug|Any CPU
		{BDE25628-F7BD-4459-A8CA-66D440D6F0C7}.Release|Any CPU.ActiveCfg = Release|Any CPU
		{BDE25628-F7BD-4459-A8CA-66D440D6F0C7}.Release|Any CPU.Build.0 = Release|Any CPU
		{BDE25628-F7BD-4459-A8CA-66D440D6F0C7}.Release|x64.ActiveCfg = Release|Any CPU
		{BDE25628-F7BD-4459-A8CA-66D440D6F0C7}.Release|x64.Build.0 = Release|Any CPU
		{BDE25628-F7BD-4459-A8CA-66D440D6F0C7}.Release|x86.ActiveCfg = Release|Any CPU
		{BDE25628-F7BD-4459-A8CA-66D440D6F0C7}.Release|x86.Build.0 = Release|Any CPU
		{E60CA10B-B5BB-4C06-94E3-F2FC4E6F06D3}.Debug|Any CPU.ActiveCfg = Debug|Any CPU
		{E60CA10B-B5BB-4C06-94E3-F2FC4E6F06D3}.Debug|Any CPU.Build.0 = Debug|Any CPU
		{E60CA10B-B5BB-4C06-94E3-F2FC4E6F06D3}.Debug|x64.ActiveCfg = Debug|Any CPU
		{E60CA10B-B5BB-4C06-94E3-F2FC4E6F06D3}.Debug|x64.Build.0 = Debug|Any CPU
		{E60CA10B-B5BB-4C06-94E3-F2FC4E6F06D3}.Debug|x86.ActiveCfg = Debug|Any CPU
		{E60CA10B-B5BB-4C06-94E3-F2FC4E6F06D3}.Debug|x86.Build.0 = Debug|Any CPU
		{E60CA10B-B5BB-4C06-94E3-F2FC4E6F06D3}.Release|Any CPU.ActiveCfg = Release|Any CPU
		{E60CA10B-B5BB-4C06-94E3-F2FC4E6F06D3}.Release|Any CPU.Build.0 = Release|Any CPU
		{E60CA10B-B5BB-4C06-94E3-F2FC4E6F06D3}.Release|x64.ActiveCfg = Release|Any CPU
		{E60CA10B-B5BB-4C06-94E3-F2FC4E6F06D3}.Release|x64.Build.0 = Release|Any CPU
		{E60CA10B-B5BB-4C06-94E3-F2FC4E6F06D3}.Release|x86.ActiveCfg = Release|Any CPU
		{E60CA10B-B5BB-4C06-94E3-F2FC4E6F06D3}.Release|x86.Build.0 = Release|Any CPU
		{83A12244-817F-4083-A94F-3FCB1D08315F}.Debug|Any CPU.ActiveCfg = Debug|Any CPU
		{83A12244-817F-4083-A94F-3FCB1D08315F}.Debug|Any CPU.Build.0 = Debug|Any CPU
		{83A12244-817F-4083-A94F-3FCB1D08315F}.Debug|x64.ActiveCfg = Debug|Any CPU
		{83A12244-817F-4083-A94F-3FCB1D08315F}.Debug|x64.Build.0 = Debug|Any CPU
		{83A12244-817F-4083-A94F-3FCB1D08315F}.Debug|x86.ActiveCfg = Debug|Any CPU
		{83A12244-817F-4083-A94F-3FCB1D08315F}.Debug|x86.Build.0 = Debug|Any CPU
		{83A12244-817F-4083-A94F-3FCB1D08315F}.Release|Any CPU.ActiveCfg = Release|Any CPU
		{83A12244-817F-4083-A94F-3FCB1D08315F}.Release|Any CPU.Build.0 = Release|Any CPU
		{83A12244-817F-4083-A94F-3FCB1D08315F}.Release|x64.ActiveCfg = Release|Any CPU
		{83A12244-817F-4083-A94F-3FCB1D08315F}.Release|x64.Build.0 = Release|Any CPU
		{83A12244-817F-4083-A94F-3FCB1D08315F}.Release|x86.ActiveCfg = Release|Any CPU
		{83A12244-817F-4083-A94F-3FCB1D08315F}.Release|x86.Build.0 = Release|Any CPU
		{2D5AF357-E498-49C0-884D-E30B1F592584}.Debug|Any CPU.ActiveCfg = Debug|Any CPU
		{2D5AF357-E498-49C0-884D-E30B1F592584}.Debug|Any CPU.Build.0 = Debug|Any CPU
		{2D5AF357-E498-49C0-884D-E30B1F592584}.Debug|x64.ActiveCfg = Debug|Any CPU
		{2D5AF357-E498-49C0-884D-E30B1F592584}.Debug|x64.Build.0 = Debug|Any CPU
		{2D5AF357-E498-49C0-884D-E30B1F592584}.Debug|x86.ActiveCfg = Debug|Any CPU
		{2D5AF357-E498-49C0-884D-E30B1F592584}.Debug|x86.Build.0 = Debug|Any CPU
		{2D5AF357-E498-49C0-884D-E30B1F592584}.Release|Any CPU.ActiveCfg = Release|Any CPU
		{2D5AF357-E498-49C0-884D-E30B1F592584}.Release|Any CPU.Build.0 = Release|Any CPU
		{2D5AF357-E498-49C0-884D-E30B1F592584}.Release|x64.ActiveCfg = Release|Any CPU
		{2D5AF357-E498-49C0-884D-E30B1F592584}.Release|x64.Build.0 = Release|Any CPU
		{2D5AF357-E498-49C0-884D-E30B1F592584}.Release|x86.ActiveCfg = Release|Any CPU
		{2D5AF357-E498-49C0-884D-E30B1F592584}.Release|x86.Build.0 = Release|Any CPU
	EndGlobalSection
EndGlobal
